
Microsoft Visual Studio Solution File, Format Version 12.00
# Visual Studio Version 17
VisualStudioVersion = 17.9.34723.18
MinimumVisualStudioVersion = 10.0.40219.1
Project("{9A19103F-16F7-4668-BE54-9A1E7A4F7556}") = "ChatRoom", "ChatRoom.csproj", "{E367C784-51E6-4A48-938C-DEEE01BE2CEA}"
EndProject
Project("{9A19103F-16F7-4668-BE54-9A1E7A4F7556}") = "ChatRoom.Datos", "..\ChatRoom.Datos\ChatRoom.Datos.csproj", "{9A9CCF82-7196-461F-9FFE-06934D076574}"
EndProject
Project("{FAE04EC0-301F-11D3-BF4B-00C04F79EFBC}") = "ChatRoom.Dominio", "..\ChatRoom.Dominio\ChatRoom.Dominio.csproj", "{1EECD7D2-6A30-4E69-BE05-1C5EB4C48E0D}"
EndProject
Global
	GlobalSection(SolutionConfigurationPlatforms) = preSolution
		Debug|Any CPU = Debug|Any CPU
		Release|Any CPU = Release|Any CPU
	EndGlobalSection
	GlobalSection(ProjectConfigurationPlatforms) = postSolution
		{E367C784-51E6-4A48-938C-DEEE01BE2CEA}.Debug|Any CPU.ActiveCfg = Debug|Any CPU
		{E367C784-51E6-4A48-938C-DEEE01BE2CEA}.Debug|Any CPU.Build.0 = Debug|Any CPU
		{E367C784-51E6-4A48-938C-DEEE01BE2CEA}.Release|Any CPU.ActiveCfg = Release|Any CPU
		{E367C784-51E6-4A48-938C-DEEE01BE2CEA}.Release|Any CPU.Build.0 = Release|Any CPU
		{9A9CCF82-7196-461F-9FFE-06934D076574}.Debug|Any CPU.ActiveCfg = Debug|Any CPU
		{9A9CCF82-7196-461F-9FFE-06934D076574}.Debug|Any CPU.Build.0 = Debug|Any CPU
		{9A9CCF82-7196-461F-9FFE-06934D076574}.Release|Any CPU.ActiveCfg = Release|Any CPU
		{9A9CCF82-7196-461F-9FFE-06934D076574}.Release|Any CPU.Build.0 = Release|Any CPU
		{1EECD7D2-6A30-4E69-BE05-1C5EB4C48E0D}.Debug|Any CPU.ActiveCfg = Debug|Any CPU
		{1EECD7D2-6A30-4E69-BE05-1C5EB4C48E0D}.Debug|Any CPU.Build.0 = Debug|Any CPU
		{1EECD7D2-6A30-4E69-BE05-1C5EB4C48E0D}.Release|Any CPU.ActiveCfg = Release|Any CPU
		{1EECD7D2-6A30-4E69-BE05-1C5EB4C48E0D}.Release|Any CPU.Build.0 = Release|Any CPU
	EndGlobalSection
	GlobalSection(SolutionProperties) = preSolution
		HideSolutionNode = FALSE
	EndGlobalSection
	GlobalSection(ExtensibilityGlobals) = postSolution
		SolutionGuid = {F3B63264-994F-4F54-9E1D-0BFE3F2F4C95}
	EndGlobalSection
EndGlobal
